
Microsoft Visual Studio Solution File, Format Version 12.00
# Visual Studio Version 16
VisualStudioVersion = 16.0.36631.11
MinimumVisualStudioVersion = 10.0.40219.1
Project("{FAE04EC0-301F-11D3-BF4B-00C04F79EFBC}") = "ups_Work_Job_Service", "ups_WindowsService_Word_Job\ups_Work_Job_Service.csproj", "{486600C4-2916-43AA-B2F3-405F1A88DCCB}"
EndProject
Project("{FAE04EC0-301F-11D3-BF4B-00C04F79EFBC}") = "ups_Work_Job_API", "ups_Work_Job_API\ups_Work_Job_API.csproj", "{F95110EA-F4C3-4AEA-8745-B254CCBBA5CD}"
EndProject
Project("{FAE04EC0-301F-11D3-BF4B-00C04F79EFBC}") = "ups_Business", "ups_Business\ups_Business.csproj", "{5155F4D1-45A0-4513-A1DD-86ADEA17416E}"
EndProject
Project("{FAE04EC0-301F-11D3-BF4B-00C04F79EFBC}") = "ups_Common", "ups_Common\ups_Common.csproj", "{32F9B630-D94A-4CEF-8933-CAF9464E409B}"
EndProject
Project("{FAE04EC0-301F-11D3-BF4B-00C04F79EFBC}") = "ups_DAO", "ups_DAO\ups_DAO.csproj", "{7AE3A73D-EB26-4780-8A65-65C27A14C8AD}"
EndProject
Project("{FAE04EC0-301F-11D3-BF4B-00C04F79EFBC}") = "ups_Entities", "ups_Entities\ups_Entities.csproj", "{23730A0C-C19B-44B8-BC4F-6708440B542A}"
EndProject
Project("{FAE04EC0-301F-11D3-BF4B-00C04F79EFBC}") = "ups_Work_Job_WEB", "ups_Work_Job_WEB\ups_Work_Job_WEB.csproj", "{980929E4-2F07-4CE4-9430-2C3DE3462C69}"
EndProject
Global
	GlobalSection(SolutionConfigurationPlatforms) = preSolution
		Debug|Any CPU = Debug|Any CPU
		Release|Any CPU = Release|Any CPU
	EndGlobalSection
	GlobalSection(ProjectConfigurationPlatforms) = postSolution
		{486600C4-2916-43AA-B2F3-405F1A88DCCB}.Debug|Any CPU.ActiveCfg = Debug|Any CPU
		{486600C4-2916-43AA-B2F3-405F1A88DCCB}.Debug|Any CPU.Build.0 = Debug|Any CPU
		{486600C4-2916-43AA-B2F3-405F1A88DCCB}.Release|Any CPU.ActiveCfg = Release|Any CPU
		{486600C4-2916-43AA-B2F3-405F1A88DCCB}.Release|Any CPU.Build.0 = Release|Any CPU
		{F95110EA-F4C3-4AEA-8745-B254CCBBA5CD}.Debug|Any CPU.ActiveCfg = Debug|Any CPU
		{F95110EA-F4C3-4AEA-8745-B254CCBBA5CD}.Debug|Any CPU.Build.0 = Debug|Any CPU
		{F95110EA-F4C3-4AEA-8745-B254CCBBA5CD}.Release|Any CPU.ActiveCfg = Release|Any CPU
		{F95110EA-F4C3-4AEA-8745-B254CCBBA5CD}.Release|Any CPU.Build.0 = Release|Any CPU
		{5155F4D1-45A0-4513-A1DD-86ADEA17416E}.Debug|Any CPU.ActiveCfg = Debug|Any CPU
		{5155F4D1-45A0-4513-A1DD-86ADEA17416E}.Debug|Any CPU.Build.0 = Debug|Any CPU
		{5155F4D1-45A0-4513-A1DD-86ADEA17416E}.Release|Any CPU.ActiveCfg = Release|Any CPU
		{5155F4D1-45A0-4513-A1DD-86ADEA17416E}.Release|Any CPU.Build.0 = Release|Any CPU
		{32F9B630-D94A-4CEF-8933-CAF9464E409B}.Debug|Any CPU.ActiveCfg = Debug|Any CPU
		{32F9B630-D94A-4CEF-8933-CAF9464E409B}.Debug|Any CPU.Build.0 = Debug|Any CPU
		{32F9B630-D94A-4CEF-8933-CAF9464E409B}.Release|Any CPU.ActiveCfg = Release|Any CPU
		{32F9B630-D94A-4CEF-8933-CAF9464E409B}.Release|Any CPU.Build.0 = Release|Any CPU
		{7AE3A73D-EB26-4780-8A65-65C27A14C8AD}.Debug|Any CPU.ActiveCfg = Debug|Any CPU
		{7AE3A73D-EB26-4780-8A65-65C27A14C8AD}.Debug|Any CPU.Build.0 = Debug|Any CPU
		{7AE3A73D-EB26-4780-8A65-65C27A14C8AD}.Release|Any CPU.ActiveCfg = Release|Any CPU
		{7AE3A73D-EB26-4780-8A65-65C27A14C8AD}.Release|Any CPU.Build.0 = Release|Any CPU
		{23730A0C-C19B-44B8-BC4F-6708440B542A}.Debug|Any CPU.ActiveCfg = Debug|Any CPU
		{23730A0C-C19B-44B8-BC4F-6708440B542A}.Debug|Any CPU.Build.0 = Debug|Any CPU
		{23730A0C-C19B-44B8-BC4F-6708440B542A}.Release|Any CPU.ActiveCfg = Release|Any CPU
		{23730A0C-C19B-44B8-BC4F-6708440B542A}.Release|Any CPU.Build.0 = Release|Any CPU
		{980929E4-2F07-4CE4-9430-2C3DE3462C69}.Debug|Any CPU.ActiveCfg = Debug|Any CPU
		{980929E4-2F07-4CE4-9430-2C3DE3462C69}.Debug|Any CPU.Build.0 = Debug|Any CPU
		{980929E4-2F07-4CE4-9430-2C3DE3462C69}.Release|Any CPU.ActiveCfg = Release|Any CPU
		{980929E4-2F07-4CE4-9430-2C3DE3462C69}.Release|Any CPU.Build.0 = Release|Any CPU
	EndGlobalSection
	GlobalSection(SolutionProperties) = preSolution
		HideSolutionNode = FALSE
	EndGlobalSection
	GlobalSection(ExtensibilityGlobals) = postSolution
		SolutionGuid = {8B0A74A5-9003-4797-BCFC-1D70B46A4A34}
	EndGlobalSection
EndGlobal
